
Microsoft Visual Studio Solution File, Format Version 12.00
# Visual Studio 14
VisualStudioVersion = 14.0.25123.0
MinimumVisualStudioVersion = 10.0.40219.1
Project("{FAE04EC0-301F-11D3-BF4B-00C04F79EFBC}") = "Loops-Homework", "Loops-Homework\Loops-Homework.csproj", "{F1BAE3A3-318B-49FF-959B-9DDBAE9A1EDF}"
EndProject
Project("{FAE04EC0-301F-11D3-BF4B-00C04F79EFBC}") = "2.NotDivisibleNumbers", "2.NotDivisibleNumbers\2.NotDivisibleNumbers.csproj", "{56A8676B-D035-480B-AC3D-0A6CB5BB66DA}"
EndProject
Project("{FAE04EC0-301F-11D3-BF4B-00C04F79EFBC}") = "3.MMSAofNnumbers", "3.MMSAofNnumbers\3.MMSAofNnumbers.csproj", "{54872944-C7BF-485B-8E74-F65D2A91BBAB}"
EndProject
Project("{FAE04EC0-301F-11D3-BF4B-00C04F79EFBC}") = "4.PrintADeck", "4.PrintADeck\4.PrintADeck.csproj", "{05FF1867-4E64-4500-884E-B50F80C4381B}"
EndProject
Project("{FAE04EC0-301F-11D3-BF4B-00C04F79EFBC}") = "5.Calculate", "Calculate\5.Calculate.csproj", "{C73FB398-ED4D-4843-ABD5-FF5ECA01B8BC}"
EndProject
Project("{FAE04EC0-301F-11D3-BF4B-00C04F79EFBC}") = "4a.Deck", "4a.Deck\4a.Deck.csproj", "{003F0766-F70B-4717-9202-30D010DD5EB6}"
EndProject
Project("{FAE04EC0-301F-11D3-BF4B-00C04F79EFBC}") = "6.CalculateAgain", "6.CalculateAgain\6.CalculateAgain.csproj", "{18C3C5F7-7D3F-41AB-9462-6F21D5877C9C}"
EndProject
Project("{FAE04EC0-301F-11D3-BF4B-00C04F79EFBC}") = "6A. CalcAgain", "6A. CalcAgain\6A. CalcAgain.csproj", "{A0C837B7-2190-4067-ACA1-35E25240F891}"
EndProject
Project("{FAE04EC0-301F-11D3-BF4B-00C04F79EFBC}") = "6B.CalcAgain", "6B.CalcAgain\6B.CalcAgain.csproj", "{BB2C102B-1C78-4E80-8797-4ED0979C216F}"
EndProject
Project("{FAE04EC0-301F-11D3-BF4B-00C04F79EFBC}") = "6C.CalcAg", "6C.CalcAg\6C.CalcAg.csproj", "{2FB1D013-B5ED-42AE-A9FF-5DB00324386A}"
EndProject
Project("{FAE04EC0-301F-11D3-BF4B-00C04F79EFBC}") = "7.Calculate3!", "7.Calculate3!\7.Calculate3!.csproj", "{A1A157A0-2E5A-43A5-AC58-ED0FFF65779B}"
EndProject
Project("{FAE04EC0-301F-11D3-BF4B-00C04F79EFBC}") = "7A.Calc3!", "7A.Calc3!\7A.Calc3!.csproj", "{B01DBAC4-DB7A-45E8-A8FD-41478AEB3DAE}"
EndProject
Project("{FAE04EC0-301F-11D3-BF4B-00C04F79EFBC}") = "8.CatalanNumbers", "8.CatalanNumbers\8.CatalanNumbers.csproj", "{469BB539-DAFE-4991-8059-5E5CFBDF20F0}"
EndProject
Project("{FAE04EC0-301F-11D3-BF4B-00C04F79EFBC}") = "9.MatrixOfNumbers", "8.MatrixOfNumbers\9.MatrixOfNumbers.csproj", "{604DF5DD-BCF0-40C6-AF31-BCDA85F09F1A}"
EndProject
Project("{FAE04EC0-301F-11D3-BF4B-00C04F79EFBC}") = "10.OddAndEvenProduct", "10.OddAndEvenProduct\10.OddAndEvenProduct.csproj", "{C175AD7F-64D5-4B94-8250-352CBA2DC02B}"
EndProject
Project("{FAE04EC0-301F-11D3-BF4B-00C04F79EFBC}") = "11.BinaryToDecimal", "10A\11.BinaryToDecimal.csproj", "{7A42D912-1D2F-49A5-B65A-BE4D74E00639}"
EndProject
Project("{FAE04EC0-301F-11D3-BF4B-00C04F79EFBC}") = "11A.BinToDec", "11A.BinaryToDecimal\11A.BinToDec.csproj", "{7441EA11-9DF0-484C-9CD2-F656670A85DE}"
EndProject
Project("{FAE04EC0-301F-11D3-BF4B-00C04F79EFBC}") = "12.DecimalToBinary", "12.DecimalToBinary\12.DecimalToBinary.csproj", "{B2212E5E-4093-452D-8C91-F099E4D063B3}"
EndProject
Project("{FAE04EC0-301F-11D3-BF4B-00C04F79EFBC}") = "13.DecimalToHex", "13.DecimalToHex\13.DecimalToHex.csproj", "{F3241988-C482-4D22-95B6-0C5B9348DDA3}"
EndProject
Project("{FAE04EC0-301F-11D3-BF4B-00C04F79EFBC}") = "14.HexToDecimal", "14.HexToDecimal\14.HexToDecimal.csproj", "{1D3B026A-E1AF-4686-AE9B-8792FF891171}"
EndProject
Project("{FAE04EC0-301F-11D3-BF4B-00C04F79EFBC}") = "15.GCD", "15.GCD\15.GCD.csproj", "{83EC2152-8F79-43CC-96A9-C2D5380DE798}"
EndProject
Project("{FAE04EC0-301F-11D3-BF4B-00C04F79EFBC}") = "16.Trailing0inN!", "16.Trailing0inN!\16.Trailing0inN!.csproj", "{D0409E00-58BA-45E0-846F-05320BAC8206}"
EndProject
Global
	GlobalSection(SolutionConfigurationPlatforms) = preSolution
		Debug|Any CPU = Debug|Any CPU
		Release|Any CPU = Release|Any CPU
	EndGlobalSection
	GlobalSection(ProjectConfigurationPlatforms) = postSolution
		{F1BAE3A3-318B-49FF-959B-9DDBAE9A1EDF}.Debug|Any CPU.ActiveCfg = Debug|Any CPU
		{F1BAE3A3-318B-49FF-959B-9DDBAE9A1EDF}.Debug|Any CPU.Build.0 = Debug|Any CPU
		{F1BAE3A3-318B-49FF-959B-9DDBAE9A1EDF}.Release|Any CPU.ActiveCfg = Release|Any CPU
		{F1BAE3A3-318B-49FF-959B-9DDBAE9A1EDF}.Release|Any CPU.Build.0 = Release|Any CPU
		{56A8676B-D035-480B-AC3D-0A6CB5BB66DA}.Debug|Any CPU.ActiveCfg = Debug|Any CPU
		{56A8676B-D035-480B-AC3D-0A6CB5BB66DA}.Debug|Any CPU.Build.0 = Debug|Any CPU
		{56A8676B-D035-480B-AC3D-0A6CB5BB66DA}.Release|Any CPU.ActiveCfg = Release|Any CPU
		{56A8676B-D035-480B-AC3D-0A6CB5BB66DA}.Release|Any CPU.Build.0 = Release|Any CPU
		{54872944-C7BF-485B-8E74-F65D2A91BBAB}.Debug|Any CPU.ActiveCfg = Debug|Any CPU
		{54872944-C7BF-485B-8E74-F65D2A91BBAB}.Debug|Any CPU.Build.0 = Debug|Any CPU
		{54872944-C7BF-485B-8E74-F65D2A91BBAB}.Release|Any CPU.ActiveCfg = Release|Any CPU
		{54872944-C7BF-485B-8E74-F65D2A91BBAB}.Release|Any CPU.Build.0 = Release|Any CPU
		{05FF1867-4E64-4500-884E-B50F80C4381B}.Debug|Any CPU.ActiveCfg = Debug|Any CPU
		{05FF1867-4E64-4500-884E-B50F80C4381B}.Debug|Any CPU.Build.0 = Debug|Any CPU
		{05FF1867-4E64-4500-884E-B50F80C4381B}.Release|Any CPU.ActiveCfg = Release|Any CPU
		{05FF1867-4E64-4500-884E-B50F80C4381B}.Release|Any CPU.Build.0 = Release|Any CPU
		{C73FB398-ED4D-4843-ABD5-FF5ECA01B8BC}.Debug|Any CPU.ActiveCfg = Debug|Any CPU
		{C73FB398-ED4D-4843-ABD5-FF5ECA01B8BC}.Debug|Any CPU.Build.0 = Debug|Any CPU
		{C73FB398-ED4D-4843-ABD5-FF5ECA01B8BC}.Release|Any CPU.ActiveCfg = Release|Any CPU
		{C73FB398-ED4D-4843-ABD5-FF5ECA01B8BC}.Release|Any CPU.Build.0 = Release|Any CPU
		{003F0766-F70B-4717-9202-30D010DD5EB6}.Debug|Any CPU.ActiveCfg = Debug|Any CPU
		{003F0766-F70B-4717-9202-30D010DD5EB6}.Debug|Any CPU.Build.0 = Debug|Any CPU
		{003F0766-F70B-4717-9202-30D010DD5EB6}.Release|Any CPU.ActiveCfg = Release|Any CPU
		{003F0766-F70B-4717-9202-30D010DD5EB6}.Release|Any CPU.Build.0 = Release|Any CPU
		{18C3C5F7-7D3F-41AB-9462-6F21D5877C9C}.Debug|Any CPU.ActiveCfg = Debug|Any CPU
		{18C3C5F7-7D3F-41AB-9462-6F21D5877C9C}.Debug|Any CPU.Build.0 = Debug|Any CPU
		{18C3C5F7-7D3F-41AB-9462-6F21D5877C9C}.Release|Any CPU.ActiveCfg = Release|Any CPU
		{18C3C5F7-7D3F-41AB-9462-6F21D5877C9C}.Release|Any CPU.Build.0 = Release|Any CPU
		{A0C837B7-2190-4067-ACA1-35E25240F891}.Debug|Any CPU.ActiveCfg = Debug|Any CPU
		{A0C837B7-2190-4067-ACA1-35E25240F891}.Debug|Any CPU.Build.0 = Debug|Any CPU
		{A0C837B7-2190-4067-ACA1-35E25240F891}.Release|Any CPU.ActiveCfg = Release|Any CPU
		{A0C837B7-2190-4067-ACA1-35E25240F891}.Release|Any CPU.Build.0 = Release|Any CPU
		{BB2C102B-1C78-4E80-8797-4ED0979C216F}.Debug|Any CPU.ActiveCfg = Debug|Any CPU
		{BB2C102B-1C78-4E80-8797-4ED0979C216F}.Debug|Any CPU.Build.0 = Debug|Any CPU
		{BB2C102B-1C78-4E80-8797-4ED0979C216F}.Release|Any CPU.ActiveCfg = Release|Any CPU
		{BB2C102B-1C78-4E80-8797-4ED0979C216F}.Release|Any CPU.Build.0 = Release|Any CPU
		{2FB1D013-B5ED-42AE-A9FF-5DB00324386A}.Debug|Any CPU.ActiveCfg = Debug|Any CPU
		{2FB1D013-B5ED-42AE-A9FF-5DB00324386A}.Debug|Any CPU.Build.0 = Debug|Any CPU
		{2FB1D013-B5ED-42AE-A9FF-5DB00324386A}.Release|Any CPU.ActiveCfg = Release|Any CPU
		{2FB1D013-B5ED-42AE-A9FF-5DB00324386A}.Release|Any CPU.Build.0 = Release|Any CPU
		{A1A157A0-2E5A-43A5-AC58-ED0FFF65779B}.Debug|Any CPU.ActiveCfg = Debug|Any CPU
		{A1A157A0-2E5A-43A5-AC58-ED0FFF65779B}.Debug|Any CPU.Build.0 = Debug|Any CPU
		{A1A157A0-2E5A-43A5-AC58-ED0FFF65779B}.Release|Any CPU.ActiveCfg = Release|Any CPU
		{A1A157A0-2E5A-43A5-AC58-ED0FFF65779B}.Release|Any CPU.Build.0 = Release|Any CPU
		{B01DBAC4-DB7A-45E8-A8FD-41478AEB3DAE}.Debug|Any CPU.ActiveCfg = Debug|Any CPU
		{B01DBAC4-DB7A-45E8-A8FD-41478AEB3DAE}.Debug|Any CPU.Build.0 = Debug|Any CPU
		{B01DBAC4-DB7A-45E8-A8FD-41478AEB3DAE}.Release|Any CPU.ActiveCfg = Release|Any CPU
		{B01DBAC4-DB7A-45E8-A8FD-41478AEB3DAE}.Release|Any CPU.Build.0 = Release|Any CPU
		{469BB539-DAFE-4991-8059-5E5CFBDF20F0}.Debug|Any CPU.ActiveCfg = Debug|Any CPU
		{469BB539-DAFE-4991-8059-5E5CFBDF20F0}.Debug|Any CPU.Build.0 = Debug|Any CPU
		{469BB539-DAFE-4991-8059-5E5CFBDF20F0}.Release|Any CPU.ActiveCfg = Release|Any CPU
		{469BB539-DAFE-4991-8059-5E5CFBDF20F0}.Release|Any CPU.Build.0 = Release|Any CPU
		{604DF5DD-BCF0-40C6-AF31-BCDA85F09F1A}.Debug|Any CPU.ActiveCfg = Debug|Any CPU
		{604DF5DD-BCF0-40C6-AF31-BCDA85F09F1A}.Debug|Any CPU.Build.0 = Debug|Any CPU
		{604DF5DD-BCF0-40C6-AF31-BCDA85F09F1A}.Release|Any CPU.ActiveCfg = Release|Any CPU
		{604DF5DD-BCF0-40C6-AF31-BCDA85F09F1A}.Release|Any CPU.Build.0 = Release|Any CPU
		{C175AD7F-64D5-4B94-8250-352CBA2DC02B}.Debug|Any CPU.ActiveCfg = Debug|Any CPU
		{C175AD7F-64D5-4B94-8250-352CBA2DC02B}.Debug|Any CPU.Build.0 = Debug|Any CPU
		{C175AD7F-64D5-4B94-8250-352CBA2DC02B}.Release|Any CPU.ActiveCfg = Release|Any CPU
		{C175AD7F-64D5-4B94-8250-352CBA2DC02B}.Release|Any CPU.Build.0 = Release|Any CPU
		{7A42D912-1D2F-49A5-B65A-BE4D74E00639}.Debug|Any CPU.ActiveCfg = Debug|Any CPU
		{7A42D912-1D2F-49A5-B65A-BE4D74E00639}.Debug|Any CPU.Build.0 = Debug|Any CPU
		{7A42D912-1D2F-49A5-B65A-BE4D74E00639}.Release|Any CPU.ActiveCfg = Release|Any CPU
		{7A42D912-1D2F-49A5-B65A-BE4D74E00639}.Release|Any CPU.Build.0 = Release|Any CPU
		{7441EA11-9DF0-484C-9CD2-F656670A85DE}.Debug|Any CPU.ActiveCfg = Debug|Any CPU
		{7441EA11-9DF0-484C-9CD2-F656670A85DE}.Debug|Any CPU.Build.0 = Debug|Any CPU
		{7441EA11-9DF0-484C-9CD2-F656670A85DE}.Release|Any CPU.ActiveCfg = Release|Any CPU
		{7441EA11-9DF0-484C-9CD2-F656670A85DE}.Release|Any CPU.Build.0 = Release|Any CPU
		{B2212E5E-4093-452D-8C91-F099E4D063B3}.Debug|Any CPU.ActiveCfg = Debug|Any CPU
		{B2212E5E-4093-452D-8C91-F099E4D063B3}.Debug|Any CPU.Build.0 = Debug|Any CPU
		{B2212E5E-4093-452D-8C91-F099E4D063B3}.Release|Any CPU.ActiveCfg = Release|Any CPU
		{B2212E5E-4093-452D-8C91-F099E4D063B3}.Release|Any CPU.Build.0 = Release|Any CPU
		{F3241988-C482-4D22-95B6-0C5B9348DDA3}.Debug|Any CPU.ActiveCfg = Debug|Any CPU
		{F3241988-C482-4D22-95B6-0C5B9348DDA3}.Debug|Any CPU.Build.0 = Debug|Any CPU
		{F3241988-C482-4D22-95B6-0C5B9348DDA3}.Release|Any CPU.ActiveCfg = Release|Any CPU
		{F3241988-C482-4D22-95B6-0C5B9348DDA3}.Release|Any CPU.Build.0 = Release|Any CPU
		{1D3B026A-E1AF-4686-AE9B-8792FF891171}.Debug|Any CPU.ActiveCfg = Debug|Any CPU
		{1D3B026A-E1AF-4686-AE9B-8792FF891171}.Debug|Any CPU.Build.0 = Debug|Any CPU
		{1D3B026A-E1AF-4686-AE9B-8792FF891171}.Release|Any CPU.ActiveCfg = Release|Any CPU
		{1D3B026A-E1AF-4686-AE9B-8792FF891171}.Release|Any CPU.Build.0 = Release|Any CPU
		{83EC2152-8F79-43CC-96A9-C2D5380DE798}.Debug|Any CPU.ActiveCfg = Debug|Any CPU
		{83EC2152-8F79-43CC-96A9-C2D5380DE798}.Debug|Any CPU.Build.0 = Debug|Any CPU
		{83EC2152-8F79-43CC-96A9-C2D5380DE798}.Release|Any CPU.ActiveCfg = Release|Any CPU
		{83EC2152-8F79-43CC-96A9-C2D5380DE798}.Release|Any CPU.Build.0 = Release|Any CPU
		{D0409E00-58BA-45E0-846F-05320BAC8206}.Debug|Any CPU.ActiveCfg = Debug|Any CPU
		{D0409E00-58BA-45E0-846F-05320BAC8206}.Debug|Any CPU.Build.0 = Debug|Any CPU
		{D0409E00-58BA-45E0-846F-05320BAC8206}.Release|Any CPU.ActiveCfg = Release|Any CPU
		{D0409E00-58BA-45E0-846F-05320BAC8206}.Release|Any CPU.Build.0 = Release|Any CPU
	EndGlobalSection
	GlobalSection(SolutionProperties) = preSolution
		HideSolutionNode = FALSE
	EndGlobalSection
EndGlobal
